// !$*UTF8*$!
{
	archiveVersion = 1;
	classes = {
	};
	objectVersion = 50;
	objects = {

/* Begin PBXBuildFile section */
		8B13A513228EF23300047809 /* art.scnassets in Resources */ = {isa = PBXBuildFile; fileRef = 8B13A512228EF23200047809 /* art.scnassets */; };
		8B34476122A54B9D00E63DD8 /* pigs-launch-background.png in Resources */ = {isa = PBXBuildFile; fileRef = 8B34476022A54B9D00E63DD8 /* pigs-launch-background.png */; };
		8B3987FA22A93EFC002EFD44 /* spark.png in Resources */ = {isa = PBXBuildFile; fileRef = 8B3987F822A93EFC002EFD44 /* spark.png */; };
		8B3987FB22A93EFC002EFD44 /* ExplosionOld.scnp in Resources */ = {isa = PBXBuildFile; fileRef = 8B3987F922A93EFC002EFD44 /* ExplosionOld.scnp */; };
		8B56451823290D8E00A7F4D7 /* Bomb Explosion.scnp in Resources */ = {isa = PBXBuildFile; fileRef = 8BA9646E2328DED100EF0B76 /* Bomb Explosion.scnp */; };
		8B65334B231CFE3400C3D1D5 /* Door Explosion.scnp in Resources */ = {isa = PBXBuildFile; fileRef = 8B65334A231CFE3000C3D1D5 /* Door Explosion.scnp */; };
		8BAA54F522B27F7E005DB8EC /* Skater Girls Rock.ttf in Resources */ = {isa = PBXBuildFile; fileRef = 8BAA54F422B27F7E005DB8EC /* Skater Girls Rock.ttf */; };
		8BAD9648231D45440064B1E6 /* Window Explosion.scnp in Resources */ = {isa = PBXBuildFile; fileRef = 8BAD9647231D45300064B1E6 /* Window Explosion.scnp */; };
		8BAE78952297C611003F496A /* app-icon.png in Resources */ = {isa = PBXBuildFile; fileRef = 8BAE78942297C611003F496A /* app-icon.png */; };
		8BC702BA2329138D006AE461 /* LaunchScreen.storyboard in Resources */ = {isa = PBXBuildFile; fileRef = 8BFCB2632284476200E54C18 /* LaunchScreen.storyboard */; };
		8BC707BB229C021B00CA688A /* launchscreen-logo.png in Resources */ = {isa = PBXBuildFile; fileRef = 8BC707BA229C021B00CA688A /* launchscreen-logo.png */; };
		8BD8B9AE22C0C18B00C1B37D /* Target Explosion.scnp in Resources */ = {isa = PBXBuildFile; fileRef = 8BD8B9AD22C0C18B00C1B37D /* Target Explosion.scnp */; };
		8BF6C84A2316AD6B000F835D /* Pig Explosion.scnp in Resources */ = {isa = PBXBuildFile; fileRef = 8B2796292316A33D008241C0 /* Pig Explosion.scnp */; };
		8BF6C84B2316AD6E000F835D /* Flying Target Explosion.scnp in Resources */ = {isa = PBXBuildFile; fileRef = 8B27962A2316A3C3008241C0 /* Flying Target Explosion.scnp */; };
		8BFCB2592284476000E54C18 /* AppDelegate.swift in Sources */ = {isa = PBXBuildFile; fileRef = 8BFCB2582284476000E54C18 /* AppDelegate.swift */; };
		8BFCB25D2284476000E54C18 /* ViewController.swift in Sources */ = {isa = PBXBuildFile; fileRef = 8BFCB25C2284476000E54C18 /* ViewController.swift */; };
		8BFCB2602284476000E54C18 /* Main.storyboard in Resources */ = {isa = PBXBuildFile; fileRef = 8BFCB25E2284476000E54C18 /* Main.storyboard */; };
		8BFCB2622284476200E54C18 /* Assets.xcassets in Resources */ = {isa = PBXBuildFile; fileRef = 8BFCB2612284476200E54C18 /* Assets.xcassets */; };
/* End PBXBuildFile section */

/* Begin PBXFileReference section */
		8B13A512228EF23200047809 /* art.scnassets */ = {isa = PBXFileReference; lastKnownFileType = wrapper.scnassets; path = art.scnassets; sourceTree = "<group>"; };
		8B2796292316A33D008241C0 /* Pig Explosion.scnp */ = {isa = PBXFileReference; lastKnownFileType = file.scp; path = "Pig Explosion.scnp"; sourceTree = "<group>"; };
		8B27962A2316A3C3008241C0 /* Flying Target Explosion.scnp */ = {isa = PBXFileReference; lastKnownFileType = file.scp; path = "Flying Target Explosion.scnp"; sourceTree = "<group>"; };
		8B34476022A54B9D00E63DD8 /* pigs-launch-background.png */ = {isa = PBXFileReference; lastKnownFileType = image.png; name = "pigs-launch-background.png"; path = "art.scnassets/img/pigs-launch-background.png"; sourceTree = "<group>"; };
		8B3987F822A93EFC002EFD44 /* spark.png */ = {isa = PBXFileReference; lastKnownFileType = image.png; path = spark.png; sourceTree = "<group>"; };
		8B3987F922A93EFC002EFD44 /* ExplosionOld.scnp */ = {isa = PBXFileReference; lastKnownFileType = file.scp; path = ExplosionOld.scnp; sourceTree = "<group>"; };
		8B65334A231CFE3000C3D1D5 /* Door Explosion.scnp */ = {isa = PBXFileReference; lastKnownFileType = file.scp; path = "Door Explosion.scnp"; sourceTree = "<group>"; };
		8BA9646E2328DED100EF0B76 /* Bomb Explosion.scnp */ = {isa = PBXFileReference; lastKnownFileType = file.scp; path = "Bomb Explosion.scnp"; sourceTree = "<group>"; };
		8BAA54F422B27F7E005DB8EC /* Skater Girls Rock.ttf */ = {isa = PBXFileReference; lastKnownFileType = file; name = "Skater Girls Rock.ttf"; path = "PIGS_Prototype/fonts/Skater Girls Rock.ttf"; sourceTree = SOURCE_ROOT; };
		8BAD9647231D45300064B1E6 /* Window Explosion.scnp */ = {isa = PBXFileReference; lastKnownFileType = file.scp; path = "Window Explosion.scnp"; sourceTree = "<group>"; };
		8BAE78942297C611003F496A /* app-icon.png */ = {isa = PBXFileReference; lastKnownFileType = image.png; name = "app-icon.png"; path = "art.scnassets/img/app-icon.png"; sourceTree = "<group>"; };
		8BC702B92329131A006AE461 /* pigs-text-font.png */ = {isa = PBXFileReference; lastKnownFileType = image.png; path = "pigs-text-font.png"; sourceTree = "<group>"; };
		8BC707BA229C021B00CA688A /* launchscreen-logo.png */ = {isa = PBXFileReference; lastKnownFileType = image.png; name = "launchscreen-logo.png"; path = "art.scnassets/img/launchscreen-logo.png"; sourceTree = "<group>"; };
		8BD8B9AD22C0C18B00C1B37D /* Target Explosion.scnp */ = {isa = PBXFileReference; lastKnownFileType = file.scp; path = "Target Explosion.scnp"; sourceTree = "<group>"; };
		8BFCB2552284476000E54C18 /* PIGS_Prototype.app */ = {isa = PBXFileReference; explicitFileType = wrapper.application; includeInIndex = 0; path = PIGS_Prototype.app; sourceTree = BUILT_PRODUCTS_DIR; };
		8BFCB2582284476000E54C18 /* AppDelegate.swift */ = {isa = PBXFileReference; lastKnownFileType = sourcecode.swift; path = AppDelegate.swift; sourceTree = "<group>"; };
		8BFCB25C2284476000E54C18 /* ViewController.swift */ = {isa = PBXFileReference; lastKnownFileType = sourcecode.swift; path = ViewController.swift; sourceTree = "<group>"; };
		8BFCB25F2284476000E54C18 /* Base */ = {isa = PBXFileReference; lastKnownFileType = file.storyboard; name = Base; path = Base.lproj/Main.storyboard; sourceTree = "<group>"; };
		8BFCB2612284476200E54C18 /* Assets.xcassets */ = {isa = PBXFileReference; lastKnownFileType = folder.assetcatalog; path = Assets.xcassets; sourceTree = "<group>"; };
		8BFCB2642284476200E54C18 /* Base */ = {isa = PBXFileReference; lastKnownFileType = file.storyboard; name = Base; path = Base.lproj/LaunchScreen.storyboard; sourceTree = "<group>"; };
		8BFCB2662284476200E54C18 /* Info.plist */ = {isa = PBXFileReference; lastKnownFileType = text.plist.xml; path = Info.plist; sourceTree = "<group>"; };
/* End PBXFileReference section */

/* Begin PBXFrameworksBuildPhase section */
		8BFCB2522284476000E54C18 /* Frameworks */ = {
			isa = PBXFrameworksBuildPhase;
			buildActionMask = 2147483647;
			files = (
			);
			runOnlyForDeploymentPostprocessing = 0;
		};
/* End PBXFrameworksBuildPhase section */

/* Begin PBXGroup section */
		8BAA54F322B27EFF005DB8EC /* fonts */ = {
			isa = PBXGroup;
			children = (
				8BAA54F422B27F7E005DB8EC /* Skater Girls Rock.ttf */,
			);
			path = fonts;
			sourceTree = "<group>";
		};
		8BFCB24C2284476000E54C18 = {
			isa = PBXGroup;
			children = (
				8B2796292316A33D008241C0 /* Pig Explosion.scnp */,
				8B65334A231CFE3000C3D1D5 /* Door Explosion.scnp */,
				8B27962A2316A3C3008241C0 /* Flying Target Explosion.scnp */,
				8BD8B9AD22C0C18B00C1B37D /* Target Explosion.scnp */,
				8BAD9647231D45300064B1E6 /* Window Explosion.scnp */,
				8BA9646E2328DED100EF0B76 /* Bomb Explosion.scnp */,
				8B3987F822A93EFC002EFD44 /* spark.png */,
				8B3987F922A93EFC002EFD44 /* ExplosionOld.scnp */,
				8BFCB2572284476000E54C18 /* PIGS_Prototype */,
				8BFCB2562284476000E54C18 /* Products */,
			);
			sourceTree = "<group>";
		};
		8BFCB2562284476000E54C18 /* Products */ = {
			isa = PBXGroup;
			children = (
				8BFCB2552284476000E54C18 /* PIGS_Prototype.app */,
			);
			name = Products;
			sourceTree = "<group>";
		};
		8BFCB2572284476000E54C18 /* PIGS_Prototype */ = {
			isa = PBXGroup;
			children = (
				8BAA54F322B27EFF005DB8EC /* fonts */,
				8BFCB2582284476000E54C18 /* AppDelegate.swift */,
				8B13A512228EF23200047809 /* art.scnassets */,
				8BFCB25C2284476000E54C18 /* ViewController.swift */,
				8BFCB25E2284476000E54C18 /* Main.storyboard */,
				8BFCB2612284476200E54C18 /* Assets.xcassets */,
				8BFCB2632284476200E54C18 /* LaunchScreen.storyboard */,
				8BFCB2662284476200E54C18 /* Info.plist */,
				8BAE78942297C611003F496A /* app-icon.png */,
				8BC702B92329131A006AE461 /* pigs-text-font.png */,
				8B34476022A54B9D00E63DD8 /* pigs-launch-background.png */,
				8BC707BA229C021B00CA688A /* launchscreen-logo.png */,
			);
			path = PIGS_Prototype;
			sourceTree = "<group>";
		};
/* End PBXGroup section */

/* Begin PBXNativeTarget section */
		8BFCB2542284476000E54C18 /* PIGS_Prototype */ = {
			isa = PBXNativeTarget;
			buildConfigurationList = 8BFCB2692284476200E54C18 /* Build configuration list for PBXNativeTarget "PIGS_Prototype" */;
			buildPhases = (
				8BFCB2512284476000E54C18 /* Sources */,
				8BFCB2522284476000E54C18 /* Frameworks */,
				8BFCB2532284476000E54C18 /* Resources */,
			);
			buildRules = (
			);
			dependencies = (
			);
			name = PIGS_Prototype;
			productName = PIGS_Prototype;
			productReference = 8BFCB2552284476000E54C18 /* PIGS_Prototype.app */;
			productType = "com.apple.product-type.application";
		};
/* End PBXNativeTarget section */

/* Begin PBXProject section */
		8BFCB24D2284476000E54C18 /* Project object */ = {
			isa = PBXProject;
			attributes = {
				LastSwiftUpdateCheck = 1020;
				LastUpgradeCheck = 1020;
				ORGANIZATIONNAME = "pigs-corp";
				TargetAttributes = {
					8BFCB2542284476000E54C18 = {
						CreatedOnToolsVersion = 10.2;
					};
				};
			};
			buildConfigurationList = 8BFCB2502284476000E54C18 /* Build configuration list for PBXProject "PIGS_Prototype" */;
			compatibilityVersion = "Xcode 9.3";
			developmentRegion = en;
			hasScannedForEncodings = 0;
			knownRegions = (
				en,
				Base,
			);
			mainGroup = 8BFCB24C2284476000E54C18;
			productRefGroup = 8BFCB2562284476000E54C18 /* Products */;
			projectDirPath = "";
			projectRoot = "";
			targets = (
				8BFCB2542284476000E54C18 /* PIGS_Prototype */,
			);
		};
/* End PBXProject section */

/* Begin PBXResourcesBuildPhase section */
		8BFCB2532284476000E54C18 /* Resources */ = {
			isa = PBXResourcesBuildPhase;
			buildActionMask = 2147483647;
			files = (
				8BD8B9AE22C0C18B00C1B37D /* Target Explosion.scnp in Resources */,
				8B13A513228EF23300047809 /* art.scnassets in Resources */,
				8B34476122A54B9D00E63DD8 /* pigs-launch-background.png in Resources */,
				8BF6C84B2316AD6E000F835D /* Flying Target Explosion.scnp in Resources */,
				8BFCB2622284476200E54C18 /* Assets.xcassets in Resources */,
				8B56451823290D8E00A7F4D7 /* Bomb Explosion.scnp in Resources */,
				8BF6C84A2316AD6B000F835D /* Pig Explosion.scnp in Resources */,
				8B3987FB22A93EFC002EFD44 /* ExplosionOld.scnp in Resources */,
				8B65334B231CFE3400C3D1D5 /* Door Explosion.scnp in Resources */,
				8BC702BA2329138D006AE461 /* LaunchScreen.storyboard in Resources */,
				8BAD9648231D45440064B1E6 /* Window Explosion.scnp in Resources */,
				8BAE78952297C611003F496A /* app-icon.png in Resources */,
				8B3987FA22A93EFC002EFD44 /* spark.png in Resources */,
				8BAA54F522B27F7E005DB8EC /* Skater Girls Rock.ttf in Resources */,
				8BC707BB229C021B00CA688A /* launchscreen-logo.png in Resources */,
				8BFCB2602284476000E54C18 /* Main.storyboard in Resources */,
			);
			runOnlyForDeploymentPostprocessing = 0;
		};
/* End PBXResourcesBuildPhase section */

/* Begin PBXSourcesBuildPhase section */
		8BFCB2512284476000E54C18 /* Sources */ = {
			isa = PBXSourcesBuildPhase;
			buildActionMask = 2147483647;
			files = (
				8BFCB25D2284476000E54C18 /* ViewController.swift in Sources */,
				8BFCB2592284476000E54C18 /* AppDelegate.swift in Sources */,
			);
			runOnlyForDeploymentPostprocessing = 0;
		};
/* End PBXSourcesBuildPhase section */

/* Begin PBXVariantGroup section */
		8BFCB25E2284476000E54C18 /* Main.storyboard */ = {
			isa = PBXVariantGroup;
			children = (
				8BFCB25F2284476000E54C18 /* Base */,
			);
			name = Main.storyboard;
			sourceTree = "<group>";
		};
		8BFCB2632284476200E54C18 /* LaunchScreen.storyboard */ = {
			isa = PBXVariantGroup;
			children = (
				8BFCB2642284476200E54C18 /* Base */,
			);
			name = LaunchScreen.storyboard;
			sourceTree = "<group>";
		};
/* End PBXVariantGroup section */

/* Begin XCBuildConfiguration section */
		8BFCB2672284476200E54C18 /* Debug */ = {
			isa = XCBuildConfiguration;
			buildSettings = {
				ALWAYS_SEARCH_USER_PATHS = NO;
				CLANG_ANALYZER_NONNULL = YES;
				CLANG_ANALYZER_NUMBER_OBJECT_CONVERSION = YES_AGGRESSIVE;
				CLANG_CXX_LANGUAGE_STANDARD = "gnu++14";
				CLANG_CXX_LIBRARY = "libc++";
				CLANG_ENABLE_MODULES = YES;
				CLANG_ENABLE_OBJC_ARC = YES;
				CLANG_ENABLE_OBJC_WEAK = YES;
				CLANG_WARN_BLOCK_CAPTURE_AUTORELEASING = YES;
				CLANG_WARN_BOOL_CONVERSION = YES;
				CLANG_WARN_COMMA = YES;
				CLANG_WARN_CONSTANT_CONVERSION = YES;
				CLANG_WARN_DEPRECATED_OBJC_IMPLEMENTATIONS = YES;
				CLANG_WARN_DIRECT_OBJC_ISA_USAGE = YES_ERROR;
				CLANG_WARN_DOCUMENTATION_COMMENTS = YES;
				CLANG_WARN_EMPTY_BODY = YES;
				CLANG_WARN_ENUM_CONVERSION = YES;
				CLANG_WARN_INFINITE_RECURSION = YES;
				CLANG_WARN_INT_CONVERSION = YES;
				CLANG_WARN_NON_LITERAL_NULL_CONVERSION = YES;
				CLANG_WARN_OBJC_IMPLICIT_RETAIN_SELF = YES;
				CLANG_WARN_OBJC_LITERAL_CONVERSION = YES;
				CLANG_WARN_OBJC_ROOT_CLASS = YES_ERROR;
				CLANG_WARN_RANGE_LOOP_ANALYSIS = YES;
				CLANG_WARN_STRICT_PROTOTYPES = YES;
				CLANG_WARN_SUSPICIOUS_MOVE = YES;
				CLANG_WARN_UNGUARDED_AVAILABILITY = YES_AGGRESSIVE;
				CLANG_WARN_UNREACHABLE_CODE = YES;
				CLANG_WARN__DUPLICATE_METHOD_MATCH = YES;
				CODE_SIGN_IDENTITY = "iPhone Developer";
				COPY_PHASE_STRIP = NO;
				DEBUG_INFORMATION_FORMAT = dwarf;
				ENABLE_STRICT_OBJC_MSGSEND = YES;
				ENABLE_TESTABILITY = YES;
				GCC_C_LANGUAGE_STANDARD = gnu11;
				GCC_DYNAMIC_NO_PIC = NO;
				GCC_NO_COMMON_BLOCKS = YES;
				GCC_OPTIMIZATION_LEVEL = 0;
				GCC_PREPROCESSOR_DEFINITIONS = (
					"DEBUG=1",
					"$(inherited)",
				);
				GCC_WARN_64_TO_32_BIT_CONVERSION = YES;
				GCC_WARN_ABOUT_RETURN_TYPE = YES_ERROR;
				GCC_WARN_UNDECLARED_SELECTOR = YES;
				GCC_WARN_UNINITIALIZED_AUTOS = YES_AGGRESSIVE;
				GCC_WARN_UNUSED_FUNCTION = YES;
				GCC_WARN_UNUSED_VARIABLE = YES;
				IPHONEOS_DEPLOYMENT_TARGET = 12.2;
				MTL_ENABLE_DEBUG_INFO = INCLUDE_SOURCE;
				MTL_FAST_MATH = YES;
				ONLY_ACTIVE_ARCH = YES;
				SDKROOT = iphoneos;
				SWIFT_ACTIVE_COMPILATION_CONDITIONS = DEBUG;
				SWIFT_OPTIMIZATION_LEVEL = "-Onone";
			};
			name = Debug;
		};
		8BFCB2682284476200E54C18 /* Release */ = {
			isa = XCBuildConfiguration;
			buildSettings = {
				ALWAYS_SEARCH_USER_PATHS = NO;
				CLANG_ANALYZER_NONNULL = YES;
				CLANG_ANALYZER_NUMBER_OBJECT_CONVERSION = YES_AGGRESSIVE;
				CLANG_CXX_LANGUAGE_STANDARD = "gnu++14";
				CLANG_CXX_LIBRARY = "libc++";
				CLANG_ENABLE_MODULES = YES;
				CLANG_ENABLE_OBJC_ARC = YES;
				CLANG_ENABLE_OBJC_WEAK = YES;
				CLANG_WARN_BLOCK_CAPTURE_AUTORELEASING = YES;
				CLANG_WARN_BOOL_CONVERSION = YES;
				CLANG_WARN_COMMA = YES;
				CLANG_WARN_CONSTANT_CONVERSION = YES;
				CLANG_WARN_DEPRECATED_OBJC_IMPLEMENTATIONS = YES;
				CLANG_WARN_DIRECT_OBJC_ISA_USAGE = YES_ERROR;
				CLANG_WARN_DOCUMENTATION_COMMENTS = YES;
				CLANG_WARN_EMPTY_BODY = YES;
				CLANG_WARN_ENUM_CONVERSION = YES;
				CLANG_WARN_INFINITE_RECURSION = YES;
				CLANG_WARN_INT_CONVERSION = YES;
				CLANG_WARN_NON_LITERAL_NULL_CONVERSION = YES;
				CLANG_WARN_OBJC_IMPLICIT_RETAIN_SELF = YES;
				CLANG_WARN_OBJC_LITERAL_CONVERSION = YES;
				CLANG_WARN_OBJC_ROOT_CLASS = YES_ERROR;
				CLANG_WARN_RANGE_LOOP_ANALYSIS = YES;
				CLANG_WARN_STRICT_PROTOTYPES = YES;
				CLANG_WARN_SUSPICIOUS_MOVE = YES;
				CLANG_WARN_UNGUARDED_AVAILABILITY = YES_AGGRESSIVE;
				CLANG_WARN_UNREACHABLE_CODE = YES;
				CLANG_WARN__DUPLICATE_METHOD_MATCH = YES;
				CODE_SIGN_IDENTITY = "iPhone Developer";
				COPY_PHASE_STRIP = NO;
				DEBUG_INFORMATION_FORMAT = "dwarf-with-dsym";
				ENABLE_NS_ASSERTIONS = NO;
				ENABLE_STRICT_OBJC_MSGSEND = YES;
				GCC_C_LANGUAGE_STANDARD = gnu11;
				GCC_NO_COMMON_BLOCKS = YES;
				GCC_WARN_64_TO_32_BIT_CONVERSION = YES;
				GCC_WARN_ABOUT_RETURN_TYPE = YES_ERROR;
				GCC_WARN_UNDECLARED_SELECTOR = YES;
				GCC_WARN_UNINITIALIZED_AUTOS = YES_AGGRESSIVE;
				GCC_WARN_UNUSED_FUNCTION = YES;
				GCC_WARN_UNUSED_VARIABLE = YES;
				IPHONEOS_DEPLOYMENT_TARGET = 12.2;
				MTL_ENABLE_DEBUG_INFO = NO;
				MTL_FAST_MATH = YES;
				SDKROOT = iphoneos;
				SWIFT_COMPILATION_MODE = wholemodule;
				SWIFT_OPTIMIZATION_LEVEL = "-O";
				VALIDATE_PRODUCT = YES;
			};
			name = Release;
		};
		8BFCB26A2284476200E54C18 /* Debug */ = {
			isa = XCBuildConfiguration;
			buildSettings = {
				ASSETCATALOG_COMPILER_APPICON_NAME = AppIcon;
				ASSETCATALOG_COMPILER_LAUNCHIMAGE_NAME = LaunchImage;
				CODE_SIGN_STYLE = Automatic;
				DEVELOPMENT_TEAM = V3MREQXZLE;
				INFOPLIST_FILE = PIGS_Prototype/Info.plist;
				LD_RUNPATH_SEARCH_PATHS = (
					"$(inherited)",
					"@executable_path/Frameworks",
				);
				PRODUCT_BUNDLE_IDENTIFIER = pigsar.divtec.ch;
				PRODUCT_NAME = "$(TARGET_NAME)";
				SWIFT_VERSION = 5.0;
				TARGETED_DEVICE_FAMILY = 2;
			};
			name = Debug;
		};
		8BFCB26B2284476200E54C18 /* Release */ = {
			isa = XCBuildConfiguration;
			buildSettings = {
				ASSETCATALOG_COMPILER_APPICON_NAME = AppIcon;
				ASSETCATALOG_COMPILER_LAUNCHIMAGE_NAME = LaunchImage;
				CODE_SIGN_STYLE = Automatic;
				DEVELOPMENT_TEAM = V3MREQXZLE;
				INFOPLIST_FILE = PIGS_Prototype/Info.plist;
				LD_RUNPATH_SEARCH_PATHS = (
					"$(inherited)",
					"@executable_path/Frameworks",
				);
				PRODUCT_BUNDLE_IDENTIFIER = pigsar.divtec.ch;
				PRODUCT_NAME = "$(TARGET_NAME)";
				SWIFT_VERSION = 5.0;
				TARGETED_DEVICE_FAMILY = 2;
			};
			name = Release;
		};
/* End XCBuildConfiguration section */

/* Begin XCConfigurationList section */
		8BFCB2502284476000E54C18 /* Build configuration list for PBXProject "PIGS_Prototype" */ = {
			isa = XCConfigurationList;
			buildConfigurations = (
				8BFCB2672284476200E54C18 /* Debug */,
				8BFCB2682284476200E54C18 /* Release */,
			);
			defaultConfigurationIsVisible = 0;
			defaultConfigurationName = Release;
		};
		8BFCB2692284476200E54C18 /* Build configuration list for PBXNativeTarget "PIGS_Prototype" */ = {
			isa = XCConfigurationList;
			buildConfigurations = (
				8BFCB26A2284476200E54C18 /* Debug */,
				8BFCB26B2284476200E54C18 /* Release */,
			);
			defaultConfigurationIsVisible = 0;
			defaultConfigurationName = Release;
		};
/* End XCConfigurationList section */
	};
	rootObject = 8BFCB24D2284476000E54C18 /* Project object */;
}
